// !$*UTF8*$!
{
	archiveVersion = 1;
	classes = {
	};
	objectVersion = 56;
	objects = {

/* Begin PBXBuildFile section */
		30C801B72C6B4F9C0028E6E4 /* Nunito.ttf in Resources */ = {isa = PBXBuildFile; fileRef = 30C801B52C6B4F9C0028E6E4 /* Nunito.ttf */; };
		30C801B82C6B4F9C0028E6E4 /* Nunito-Italic.ttf in Resources */ = {isa = PBXBuildFile; fileRef = 30C801B62C6B4F9C0028E6E4 /* Nunito-Italic.ttf */; };
		30C801C62C6B59850028E6E4 /* MainView.swift in Sources */ = {isa = PBXBuildFile; fileRef = 30C801C52C6B59850028E6E4 /* MainView.swift */; };
		30C801CA2C6B5E2A0028E6E4 /* Button.swift in Sources */ = {isa = PBXBuildFile; fileRef = 30C801C92C6B5E2A0028E6E4 /* Button.swift */; };
		30C801CD2C6CD4950028E6E4 /* GridView.swift in Sources */ = {isa = PBXBuildFile; fileRef = 30C801CC2C6CD4950028E6E4 /* GridView.swift */; };
		30C801D32C6CDE390028E6E4 /* EasyView.swift in Sources */ = {isa = PBXBuildFile; fileRef = 30C801D22C6CDE390028E6E4 /* EasyView.swift */; };
		30C801D52C6CDE3F0028E6E4 /* MediumView.swift in Sources */ = {isa = PBXBuildFile; fileRef = 30C801D42C6CDE3F0028E6E4 /* MediumView.swift */; };
		30C801D72C6CDE430028E6E4 /* HardView.swift in Sources */ = {isa = PBXBuildFile; fileRef = 30C801D62C6CDE430028E6E4 /* HardView.swift */; };
		30C801DC2C6CE0770028E6E4 /* AppThemes.swift in Sources */ = {isa = PBXBuildFile; fileRef = 30C801DB2C6CE0770028E6E4 /* AppThemes.swift */; };
		30C801DE2C6CE1450028E6E4 /* Difficulty.swift in Sources */ = {isa = PBXBuildFile; fileRef = 30C801DD2C6CE1450028E6E4 /* Difficulty.swift */; };
		30C801E12C6CE7720028E6E4 /* SettingsView.swift in Sources */ = {isa = PBXBuildFile; fileRef = 30C801E02C6CE7720028E6E4 /* SettingsView.swift */; };
		30C801E32C6CE9CE0028E6E4 /* NumberButton.swift in Sources */ = {isa = PBXBuildFile; fileRef = 30C801E22C6CE9CE0028E6E4 /* NumberButton.swift */; };
		30C801E52C6E105E0028E6E4 /* Puzzle.swift in Sources */ = {isa = PBXBuildFile; fileRef = 30C801E42C6E105E0028E6E4 /* Puzzle.swift */; };
		30C801E72C6E13740028E6E4 /* Timer.swift in Sources */ = {isa = PBXBuildFile; fileRef = 30C801E62C6E13740028E6E4 /* Timer.swift */; };
		30C801E92C6E1A7C0028E6E4 /* PuzzleViewModel.swift in Sources */ = {isa = PBXBuildFile; fileRef = 30C801E82C6E1A7C0028E6E4 /* PuzzleViewModel.swift */; };
		30F4E1692C63A5F400074009 /* SwiftySudokuApp.swift in Sources */ = {isa = PBXBuildFile; fileRef = 30F4E1682C63A5F400074009 /* SwiftySudokuApp.swift */; };
		30F4E16D2C63A5F800074009 /* Assets.xcassets in Resources */ = {isa = PBXBuildFile; fileRef = 30F4E16C2C63A5F800074009 /* Assets.xcassets */; };
		30F4E1702C63A5F800074009 /* Preview Assets.xcassets in Resources */ = {isa = PBXBuildFile; fileRef = 30F4E16F2C63A5F800074009 /* Preview Assets.xcassets */; };
/* End PBXBuildFile section */

/* Begin PBXFileReference section */
		30C801B52C6B4F9C0028E6E4 /* Nunito.ttf */ = {isa = PBXFileReference; lastKnownFileType = file; name = Nunito.ttf; path = ../../../../../Library/Fonts/Nunito.ttf; sourceTree = "<group>"; };
		30C801B62C6B4F9C0028E6E4 /* Nunito-Italic.ttf */ = {isa = PBXFileReference; lastKnownFileType = file; path = "Nunito-Italic.ttf"; sourceTree = "<group>"; };
		30C801B92C6B50A80028E6E4 /* Info.plist */ = {isa = PBXFileReference; lastKnownFileType = text.plist.xml; name = Info.plist; path = ../Info.plist; sourceTree = "<group>"; };
		30C801C52C6B59850028E6E4 /* MainView.swift */ = {isa = PBXFileReference; lastKnownFileType = sourcecode.swift; path = MainView.swift; sourceTree = "<group>"; };
		30C801C92C6B5E2A0028E6E4 /* Button.swift */ = {isa = PBXFileReference; lastKnownFileType = sourcecode.swift; path = Button.swift; sourceTree = "<group>"; };
		30C801CC2C6CD4950028E6E4 /* GridView.swift */ = {isa = PBXFileReference; lastKnownFileType = sourcecode.swift; path = GridView.swift; sourceTree = "<group>"; };
		30C801D22C6CDE390028E6E4 /* EasyView.swift */ = {isa = PBXFileReference; lastKnownFileType = sourcecode.swift; path = EasyView.swift; sourceTree = "<group>"; };
		30C801D42C6CDE3F0028E6E4 /* MediumView.swift */ = {isa = PBXFileReference; lastKnownFileType = sourcecode.swift; path = MediumView.swift; sourceTree = "<group>"; };
		30C801D62C6CDE430028E6E4 /* HardView.swift */ = {isa = PBXFileReference; lastKnownFileType = sourcecode.swift; path = HardView.swift; sourceTree = "<group>"; };
		30C801DB2C6CE0770028E6E4 /* AppThemes.swift */ = {isa = PBXFileReference; fileEncoding = 4; lastKnownFileType = sourcecode.swift; name = AppThemes.swift; path = SwiftySudoku/Resources/AppThemes.swift; sourceTree = SOURCE_ROOT; };
		30C801DD2C6CE1450028E6E4 /* Difficulty.swift */ = {isa = PBXFileReference; fileEncoding = 4; lastKnownFileType = sourcecode.swift; path = Difficulty.swift; sourceTree = "<group>"; };
		30C801E02C6CE7720028E6E4 /* SettingsView.swift */ = {isa = PBXFileReference; lastKnownFileType = sourcecode.swift; path = SettingsView.swift; sourceTree = "<group>"; };
		30C801E22C6CE9CE0028E6E4 /* NumberButton.swift */ = {isa = PBXFileReference; lastKnownFileType = sourcecode.swift; path = NumberButton.swift; sourceTree = "<group>"; };
		30C801E42C6E105E0028E6E4 /* Puzzle.swift */ = {isa = PBXFileReference; lastKnownFileType = sourcecode.swift; path = Puzzle.swift; sourceTree = "<group>"; };
		30C801E62C6E13740028E6E4 /* Timer.swift */ = {isa = PBXFileReference; lastKnownFileType = sourcecode.swift; path = Timer.swift; sourceTree = "<group>"; };
		30C801E82C6E1A7C0028E6E4 /* PuzzleViewModel.swift */ = {isa = PBXFileReference; lastKnownFileType = sourcecode.swift; path = PuzzleViewModel.swift; sourceTree = "<group>"; };
		30F4E1652C63A5F400074009 /* SwiftySudoku.app */ = {isa = PBXFileReference; explicitFileType = wrapper.application; includeInIndex = 0; path = SwiftySudoku.app; sourceTree = BUILT_PRODUCTS_DIR; };
		30F4E1682C63A5F400074009 /* SwiftySudokuApp.swift */ = {isa = PBXFileReference; lastKnownFileType = sourcecode.swift; path = SwiftySudokuApp.swift; sourceTree = "<group>"; };
		30F4E16C2C63A5F800074009 /* Assets.xcassets */ = {isa = PBXFileReference; lastKnownFileType = folder.assetcatalog; path = Assets.xcassets; sourceTree = "<group>"; };
		30F4E16F2C63A5F800074009 /* Preview Assets.xcassets */ = {isa = PBXFileReference; lastKnownFileType = folder.assetcatalog; path = "Preview Assets.xcassets"; sourceTree = "<group>"; };
/* End PBXFileReference section */

/* Begin PBXFrameworksBuildPhase section */
		30F4E1622C63A5F400074009 /* Frameworks */ = {
			isa = PBXFrameworksBuildPhase;
			buildActionMask = 2147483647;
			files = (
			);
			runOnlyForDeploymentPostprocessing = 0;
		};
/* End PBXFrameworksBuildPhase section */

/* Begin PBXGroup section */
		3059CC912C6A4616006CEEA3 /* Resources */ = {
			isa = PBXGroup;
			children = (
				30C801DB2C6CE0770028E6E4 /* AppThemes.swift */,
				30C801B12C6A4FC50028E6E4 /* Fonts */,
				30F4E16C2C63A5F800074009 /* Assets.xcassets */,
				30C801B92C6B50A80028E6E4 /* Info.plist */,
			);
			path = Resources;
			sourceTree = "<group>";
		};
		30C801B12C6A4FC50028E6E4 /* Fonts */ = {
			isa = PBXGroup;
			children = (
				30C801B62C6B4F9C0028E6E4 /* Nunito-Italic.ttf */,
				30C801B52C6B4F9C0028E6E4 /* Nunito.ttf */,
			);
			path = Fonts;
			sourceTree = "<group>";
		};
		30C801BC2C6B570E0028E6E4 /* Views */ = {
			isa = PBXGroup;
			children = (
				30C801C52C6B59850028E6E4 /* MainView.swift */,
				30C801D22C6CDE390028E6E4 /* EasyView.swift */,
				30C801D42C6CDE3F0028E6E4 /* MediumView.swift */,
				30C801D62C6CDE430028E6E4 /* HardView.swift */,
				30C801E02C6CE7720028E6E4 /* SettingsView.swift */,
				30C801CC2C6CD4950028E6E4 /* GridView.swift */,
			);
			path = Views;
			sourceTree = "<group>";
		};
		30C801D82C6CDE830028E6E4 /* Components */ = {
			isa = PBXGroup;
			children = (
				30C801C92C6B5E2A0028E6E4 /* Button.swift */,
				30C801E22C6CE9CE0028E6E4 /* NumberButton.swift */,
			);
			path = Components;
			sourceTree = "<group>";
		};
		30C801DF2C6CE14B0028E6E4 /* Models */ = {
			isa = PBXGroup;
			children = (
				30C801DD2C6CE1450028E6E4 /* Difficulty.swift */,
				30C801E42C6E105E0028E6E4 /* Puzzle.swift */,
				30C801E62C6E13740028E6E4 /* Timer.swift */,
				30C801E82C6E1A7C0028E6E4 /* PuzzleViewModel.swift */,
			);
			path = Models;
			sourceTree = "<group>";
		};
		30F4E15C2C63A5F400074009 = {
			isa = PBXGroup;
			children = (
				30F4E1682C63A5F400074009 /* SwiftySudokuApp.swift */,
				30F4E1672C63A5F400074009 /* SwiftySudoku */,
				30F4E1662C63A5F400074009 /* Products */,
			);
			sourceTree = "<group>";
		};
		30F4E1662C63A5F400074009 /* Products */ = {
			isa = PBXGroup;
			children = (
				30F4E1652C63A5F400074009 /* SwiftySudoku.app */,
			);
			name = Products;
			sourceTree = "<group>";
		};
		30F4E1672C63A5F400074009 /* SwiftySudoku */ = {
			isa = PBXGroup;
			children = (
				30C801BC2C6B570E0028E6E4 /* Views */,
				30C801DF2C6CE14B0028E6E4 /* Models */,
				30C801D82C6CDE830028E6E4 /* Components */,
				3059CC912C6A4616006CEEA3 /* Resources */,
				30F4E16E2C63A5F800074009 /* Preview Content */,
			);
			path = SwiftySudoku;
			sourceTree = "<group>";
		};
		30F4E16E2C63A5F800074009 /* Preview Content */ = {
			isa = PBXGroup;
			children = (
				30F4E16F2C63A5F800074009 /* Preview Assets.xcassets */,
			);
			path = "Preview Content";
			sourceTree = "<group>";
		};
/* End PBXGroup section */

/* Begin PBXNativeTarget section */
		30F4E1642C63A5F400074009 /* SwiftySudoku */ = {
			isa = PBXNativeTarget;
			buildConfigurationList = 30F4E1732C63A5F800074009 /* Build configuration list for PBXNativeTarget "SwiftySudoku" */;
			buildPhases = (
				30F4E1612C63A5F400074009 /* Sources */,
				30F4E1622C63A5F400074009 /* Frameworks */,
				30F4E1632C63A5F400074009 /* Resources */,
			);
			buildRules = (
			);
			dependencies = (
			);
			name = SwiftySudoku;
			productName = SwiftySudoku;
			productReference = 30F4E1652C63A5F400074009 /* SwiftySudoku.app */;
			productType = "com.apple.product-type.application";
		};
/* End PBXNativeTarget section */

/* Begin PBXProject section */
		30F4E15D2C63A5F400074009 /* Project object */ = {
			isa = PBXProject;
			attributes = {
				BuildIndependentTargetsInParallel = 1;
				LastSwiftUpdateCheck = 1540;
				LastUpgradeCheck = 1540;
				TargetAttributes = {
					30F4E1642C63A5F400074009 = {
						CreatedOnToolsVersion = 15.4;
					};
				};
			};
			buildConfigurationList = 30F4E1602C63A5F400074009 /* Build configuration list for PBXProject "SwiftySudoku" */;
			compatibilityVersion = "Xcode 14.0";
			developmentRegion = en;
			hasScannedForEncodings = 0;
			knownRegions = (
				en,
				Base,
			);
			mainGroup = 30F4E15C2C63A5F400074009;
			productRefGroup = 30F4E1662C63A5F400074009 /* Products */;
			projectDirPath = "";
			projectRoot = "";
			targets = (
				30F4E1642C63A5F400074009 /* SwiftySudoku */,
			);
		};
/* End PBXProject section */

/* Begin PBXResourcesBuildPhase section */
		30F4E1632C63A5F400074009 /* Resources */ = {
			isa = PBXResourcesBuildPhase;
			buildActionMask = 2147483647;
			files = (
				30F4E1702C63A5F800074009 /* Preview Assets.xcassets in Resources */,
				30C801B72C6B4F9C0028E6E4 /* Nunito.ttf in Resources */,
				30C801B82C6B4F9C0028E6E4 /* Nunito-Italic.ttf in Resources */,
				30F4E16D2C63A5F800074009 /* Assets.xcassets in Resources */,
			);
			runOnlyForDeploymentPostprocessing = 0;
		};
/* End PBXResourcesBuildPhase section */

/* Begin PBXSourcesBuildPhase section */
		30F4E1612C63A5F400074009 /* Sources */ = {
			isa = PBXSourcesBuildPhase;
			buildActionMask = 2147483647;
			files = (
				30C801C62C6B59850028E6E4 /* MainView.swift in Sources */,
				30C801DC2C6CE0770028E6E4 /* AppThemes.swift in Sources */,
				30C801E92C6E1A7C0028E6E4 /* PuzzleViewModel.swift in Sources */,
				30C801D52C6CDE3F0028E6E4 /* MediumView.swift in Sources */,
				30C801E52C6E105E0028E6E4 /* Puzzle.swift in Sources */,
				30C801E72C6E13740028E6E4 /* Timer.swift in Sources */,
				30F4E1692C63A5F400074009 /* SwiftySudokuApp.swift in Sources */,
				30C801CD2C6CD4950028E6E4 /* GridView.swift in Sources */,
				30C801E12C6CE7720028E6E4 /* SettingsView.swift in Sources */,
				30C801DE2C6CE1450028E6E4 /* Difficulty.swift in Sources */,
				30C801E32C6CE9CE0028E6E4 /* NumberButton.swift in Sources */,
				30C801D72C6CDE430028E6E4 /* HardView.swift in Sources */,
				30C801D32C6CDE390028E6E4 /* EasyView.swift in Sources */,
				30C801CA2C6B5E2A0028E6E4 /* Button.swift in Sources */,
			);
			runOnlyForDeploymentPostprocessing = 0;
		};
/* End PBXSourcesBuildPhase section */

/* Begin XCBuildConfiguration section */
		30F4E1712C63A5F800074009 /* Debug */ = {
			isa = XCBuildConfiguration;
			buildSettings = {
				ALWAYS_SEARCH_USER_PATHS = NO;
				ASSETCATALOG_COMPILER_GENERATE_SWIFT_ASSET_SYMBOL_EXTENSIONS = YES;
				CLANG_ANALYZER_NONNULL = YES;
				CLANG_ANALYZER_NUMBER_OBJECT_CONVERSION = YES_AGGRESSIVE;
				CLANG_CXX_LANGUAGE_STANDARD = "gnu++20";
				CLANG_ENABLE_MODULES = YES;
				CLANG_ENABLE_OBJC_ARC = YES;
				CLANG_ENABLE_OBJC_WEAK = YES;
				CLANG_WARN_BLOCK_CAPTURE_AUTORELEASING = YES;
				CLANG_WARN_BOOL_CONVERSION = YES;
				CLANG_WARN_COMMA = YES;
				CLANG_WARN_CONSTANT_CONVERSION = YES;
				CLANG_WARN_DEPRECATED_OBJC_IMPLEMENTATIONS = YES;
				CLANG_WARN_DIRECT_OBJC_ISA_USAGE = YES_ERROR;
				CLANG_WARN_DOCUMENTATION_COMMENTS = YES;
				CLANG_WARN_EMPTY_BODY = YES;
				CLANG_WARN_ENUM_CONVERSION = YES;
				CLANG_WARN_INFINITE_RECURSION = YES;
				CLANG_WARN_INT_CONVERSION = YES;
				CLANG_WARN_NON_LITERAL_NULL_CONVERSION = YES;
				CLANG_WARN_OBJC_IMPLICIT_RETAIN_SELF = YES;
				CLANG_WARN_OBJC_LITERAL_CONVERSION = YES;
				CLANG_WARN_OBJC_ROOT_CLASS = YES_ERROR;
				CLANG_WARN_QUOTED_INCLUDE_IN_FRAMEWORK_HEADER = YES;
				CLANG_WARN_RANGE_LOOP_ANALYSIS = YES;
				CLANG_WARN_STRICT_PROTOTYPES = YES;
				CLANG_WARN_SUSPICIOUS_MOVE = YES;
				CLANG_WARN_UNGUARDED_AVAILABILITY = YES_AGGRESSIVE;
				CLANG_WARN_UNREACHABLE_CODE = YES;
				CLANG_WARN__DUPLICATE_METHOD_MATCH = YES;
				COPY_PHASE_STRIP = NO;
				DEBUG_INFORMATION_FORMAT = dwarf;
				ENABLE_STRICT_OBJC_MSGSEND = YES;
				ENABLE_TESTABILITY = YES;
				ENABLE_USER_SCRIPT_SANDBOXING = YES;
				GCC_C_LANGUAGE_STANDARD = gnu17;
				GCC_DYNAMIC_NO_PIC = NO;
				GCC_NO_COMMON_BLOCKS = YES;
				GCC_OPTIMIZATION_LEVEL = 0;
				GCC_PREPROCESSOR_DEFINITIONS = (
					"DEBUG=1",
					"$(inherited)",
				);
				GCC_WARN_64_TO_32_BIT_CONVERSION = YES;
				GCC_WARN_ABOUT_RETURN_TYPE = YES_ERROR;
				GCC_WARN_UNDECLARED_SELECTOR = YES;
				GCC_WARN_UNINITIALIZED_AUTOS = YES_AGGRESSIVE;
				GCC_WARN_UNUSED_FUNCTION = YES;
				GCC_WARN_UNUSED_VARIABLE = YES;
				IPHONEOS_DEPLOYMENT_TARGET = 17.5;
				LOCALIZATION_PREFERS_STRING_CATALOGS = YES;
				MTL_ENABLE_DEBUG_INFO = INCLUDE_SOURCE;
				MTL_FAST_MATH = YES;
				ONLY_ACTIVE_ARCH = YES;
				SDKROOT = iphoneos;
				SWIFT_ACTIVE_COMPILATION_CONDITIONS = "DEBUG $(inherited)";
				SWIFT_OPTIMIZATION_LEVEL = "-Onone";
			};
			name = Debug;
		};
		30F4E1722C63A5F800074009 /* Release */ = {
			isa = XCBuildConfiguration;
			buildSettings = {
				ALWAYS_SEARCH_USER_PATHS = NO;
				ASSETCATALOG_COMPILER_GENERATE_SWIFT_ASSET_SYMBOL_EXTENSIONS = YES;
				CLANG_ANALYZER_NONNULL = YES;
				CLANG_ANALYZER_NUMBER_OBJECT_CONVERSION = YES_AGGRESSIVE;
				CLANG_CXX_LANGUAGE_STANDARD = "gnu++20";
				CLANG_ENABLE_MODULES = YES;
				CLANG_ENABLE_OBJC_ARC = YES;
				CLANG_ENABLE_OBJC_WEAK = YES;
				CLANG_WARN_BLOCK_CAPTURE_AUTORELEASING = YES;
				CLANG_WARN_BOOL_CONVERSION = YES;
				CLANG_WARN_COMMA = YES;
				CLANG_WARN_CONSTANT_CONVERSION = YES;
				CLANG_WARN_DEPRECATED_OBJC_IMPLEMENTATIONS = YES;
				CLANG_WARN_DIRECT_OBJC_ISA_USAGE = YES_ERROR;
				CLANG_WARN_DOCUMENTATION_COMMENTS = YES;
				CLANG_WARN_EMPTY_BODY = YES;
				CLANG_WARN_ENUM_CONVERSION = YES;
				CLANG_WARN_INFINITE_RECURSION = YES;
				CLANG_WARN_INT_CONVERSION = YES;
				CLANG_WARN_NON_LITERAL_NULL_CONVERSION = YES;
				CLANG_WARN_OBJC_IMPLICIT_RETAIN_SELF = YES;
				CLANG_WARN_OBJC_LITERAL_CONVERSION = YES;
				CLANG_WARN_OBJC_ROOT_CLASS = YES_ERROR;
				CLANG_WARN_QUOTED_INCLUDE_IN_FRAMEWORK_HEADER = YES;
				CLANG_WARN_RANGE_LOOP_ANALYSIS = YES;
				CLANG_WARN_STRICT_PROTOTYPES = YES;
				CLANG_WARN_SUSPICIOUS_MOVE = YES;
				CLANG_WARN_UNGUARDED_AVAILABILITY = YES_AGGRESSIVE;
				CLANG_WARN_UNREACHABLE_CODE = YES;
				CLANG_WARN__DUPLICATE_METHOD_MATCH = YES;
				COPY_PHASE_STRIP = NO;
				DEBUG_INFORMATION_FORMAT = "dwarf-with-dsym";
				ENABLE_NS_ASSERTIONS = NO;
				ENABLE_STRICT_OBJC_MSGSEND = YES;
				ENABLE_USER_SCRIPT_SANDBOXING = YES;
				GCC_C_LANGUAGE_STANDARD = gnu17;
				GCC_NO_COMMON_BLOCKS = YES;
				GCC_WARN_64_TO_32_BIT_CONVERSION = YES;
				GCC_WARN_ABOUT_RETURN_TYPE = YES_ERROR;
				GCC_WARN_UNDECLARED_SELECTOR = YES;
				GCC_WARN_UNINITIALIZED_AUTOS = YES_AGGRESSIVE;
				GCC_WARN_UNUSED_FUNCTION = YES;
				GCC_WARN_UNUSED_VARIABLE = YES;
				IPHONEOS_DEPLOYMENT_TARGET = 17.5;
				LOCALIZATION_PREFERS_STRING_CATALOGS = YES;
				MTL_ENABLE_DEBUG_INFO = NO;
				MTL_FAST_MATH = YES;
				SDKROOT = iphoneos;
				SWIFT_COMPILATION_MODE = wholemodule;
				VALIDATE_PRODUCT = YES;
			};
			name = Release;
		};
		30F4E1742C63A5F800074009 /* Debug */ = {
			isa = XCBuildConfiguration;
			buildSettings = {
				ASSETCATALOG_COMPILER_APPICON_NAME = AppIcon;
				ASSETCATALOG_COMPILER_GLOBAL_ACCENT_COLOR_NAME = AccentColor;
				CODE_SIGN_STYLE = Automatic;
				CURRENT_PROJECT_VERSION = 1;
				DEVELOPMENT_ASSET_PATHS = "\"SwiftySudoku/Preview Content\"";
				DEVELOPMENT_TEAM = Z7WWX69883;
				ENABLE_PREVIEWS = YES;
				GENERATE_INFOPLIST_FILE = YES;
				INFOPLIST_FILE = SwiftySudoku/Info.plist;
				INFOPLIST_KEY_UIApplicationSceneManifest_Generation = YES;
				INFOPLIST_KEY_UIApplicationSupportsIndirectInputEvents = YES;
				INFOPLIST_KEY_UILaunchScreen_Generation = YES;
				INFOPLIST_KEY_UISupportedInterfaceOrientations_iPad = "UIInterfaceOrientationPortrait UIInterfaceOrientationPortraitUpsideDown UIInterfaceOrientationLandscapeLeft UIInterfaceOrientationLandscapeRight";
				INFOPLIST_KEY_UISupportedInterfaceOrientations_iPhone = "UIInterfaceOrientationPortrait UIInterfaceOrientationLandscapeLeft UIInterfaceOrientationLandscapeRight";
				LD_RUNPATH_SEARCH_PATHS = (
					"$(inherited)",
					"@executable_path/Frameworks",
				);
				MARKETING_VERSION = 1.0;
				PRODUCT_BUNDLE_IDENTIFIER = com.Alice.SwiftySudoku;
				PRODUCT_NAME = "$(TARGET_NAME)";
				SWIFT_EMIT_LOC_STRINGS = YES;
				SWIFT_VERSION = 5.0;
				TARGETED_DEVICE_FAMILY = "1,2";
			};
			name = Debug;
		};
		30F4E1752C63A5F800074009 /* Release */ = {
			isa = XCBuildConfiguration;
			buildSettings = {
				ASSETCATALOG_COMPILER_APPICON_NAME = AppIcon;
				ASSETCATALOG_COMPILER_GLOBAL_ACCENT_COLOR_NAME = AccentColor;
				CODE_SIGN_STYLE = Automatic;
				CURRENT_PROJECT_VERSION = 1;
				DEVELOPMENT_ASSET_PATHS = "\"SwiftySudoku/Preview Content\"";
				DEVELOPMENT_TEAM = Z7WWX69883;
				ENABLE_PREVIEWS = YES;
				GENERATE_INFOPLIST_FILE = YES;
				INFOPLIST_FILE = SwiftySudoku/Info.plist;
				INFOPLIST_KEY_UIApplicationSceneManifest_Generation = YES;
				INFOPLIST_KEY_UIApplicationSupportsIndirectInputEvents = YES;
				INFOPLIST_KEY_UILaunchScreen_Generation = YES;
				INFOPLIST_KEY_UISupportedInterfaceOrientations_iPad = "UIInterfaceOrientationPortrait UIInterfaceOrientationPortraitUpsideDown UIInterfaceOrientationLandscapeLeft UIInterfaceOrientationLandscapeRight";
				INFOPLIST_KEY_UISupportedInterfaceOrientations_iPhone = "UIInterfaceOrientationPortrait UIInterfaceOrientationLandscapeLeft UIInterfaceOrientationLandscapeRight";
				LD_RUNPATH_SEARCH_PATHS = (
					"$(inherited)",
					"@executable_path/Frameworks",
				);
				MARKETING_VERSION = 1.0;
				PRODUCT_BUNDLE_IDENTIFIER = com.Alice.SwiftySudoku;
				PRODUCT_NAME = "$(TARGET_NAME)";
				SWIFT_EMIT_LOC_STRINGS = YES;
				SWIFT_VERSION = 5.0;
				TARGETED_DEVICE_FAMILY = "1,2";
			};
			name = Release;
		};
/* End XCBuildConfiguration section */

/* Begin XCConfigurationList section */
		30F4E1602C63A5F400074009 /* Build configuration list for PBXProject "SwiftySudoku" */ = {
			isa = XCConfigurationList;
			buildConfigurations = (
				30F4E1712C63A5F800074009 /* Debug */,
				30F4E1722C63A5F800074009 /* Release */,
			);
			defaultConfigurationIsVisible = 0;
			defaultConfigurationName = Release;
		};
		30F4E1732C63A5F800074009 /* Build configuration list for PBXNativeTarget "SwiftySudoku" */ = {
			isa = XCConfigurationList;
			buildConfigurations = (
				30F4E1742C63A5F800074009 /* Debug */,
				30F4E1752C63A5F800074009 /* Release */,
			);
			defaultConfigurationIsVisible = 0;
			defaultConfigurationName = Release;
		};
/* End XCConfigurationList section */
	};
	rootObject = 30F4E15D2C63A5F400074009 /* Project object */;
}
